// !$*UTF8*$!
{
	archiveVersion = 1;
	classes = {
	};
	objectVersion = 50;
	objects = {

/* Begin PBXBuildFile section */
		0B158A3022143DE8004CAC0E /* Party.swift in Sources */ = {isa = PBXBuildFile; fileRef = 0B158A2F22143DE8004CAC0E /* Party.swift */; };
		0B228A182212077E00081B4F /* AppDelegate.swift in Sources */ = {isa = PBXBuildFile; fileRef = 0B228A172212077E00081B4F /* AppDelegate.swift */; };
		0B228A1D2212077E00081B4F /* Main.storyboard in Resources */ = {isa = PBXBuildFile; fileRef = 0B228A1B2212077E00081B4F /* Main.storyboard */; };
		0B228A1F2212077F00081B4F /* Assets.xcassets in Resources */ = {isa = PBXBuildFile; fileRef = 0B228A1E2212077F00081B4F /* Assets.xcassets */; };
		0B228A222212077F00081B4F /* LaunchScreen.storyboard in Resources */ = {isa = PBXBuildFile; fileRef = 0B228A202212077F00081B4F /* LaunchScreen.storyboard */; };
		0B228A2B2212093900081B4F /* MembersViewController.swift in Sources */ = {isa = PBXBuildFile; fileRef = 0B228A292212093900081B4F /* MembersViewController.swift */; };
		0B228A2E22120ADC00081B4F /* CreatePartyScreenViewController.swift in Sources */ = {isa = PBXBuildFile; fileRef = 0B228A2D22120ADC00081B4F /* CreatePartyScreenViewController.swift */; };
		0B228A3022120B3900081B4F /* PartyMemberPreviewScreen.swift in Sources */ = {isa = PBXBuildFile; fileRef = 0B228A2F22120B3900081B4F /* PartyMemberPreviewScreen.swift */; };
		0B228A3222120BB100081B4F /* ProfileScreen.swift in Sources */ = {isa = PBXBuildFile; fileRef = 0B228A3122120BB100081B4F /* ProfileScreen.swift */; };
		0B228A392212253300081B4F /* MemberTableViewCell.swift in Sources */ = {isa = PBXBuildFile; fileRef = 0B228A372212253300081B4F /* MemberTableViewCell.swift */; };
		0B228A3A2212253300081B4F /* MemberTableViewCell.xib in Resources */ = {isa = PBXBuildFile; fileRef = 0B228A382212253300081B4F /* MemberTableViewCell.xib */; };
		0BF04837221481E600C869B1 /* SF Compact in Resources */ = {isa = PBXBuildFile; fileRef = 0BF04836221481E600C869B1 /* SF Compact */; };
		0BF048392214893B00C869B1 /* AddMemberToParty.swift in Sources */ = {isa = PBXBuildFile; fileRef = 0BF048382214893B00C869B1 /* AddMemberToParty.swift */; };
		0BF835302212352D002ECD6C /* PartyTableViewCell.swift in Sources */ = {isa = PBXBuildFile; fileRef = 0BF8352E2212352D002ECD6C /* PartyTableViewCell.swift */; };
		0BF835312212352D002ECD6C /* PartyTableViewCell.xib in Resources */ = {isa = PBXBuildFile; fileRef = 0BF8352F2212352D002ECD6C /* PartyTableViewCell.xib */; };
		0BF835342212C2C1002ECD6C /* PartiesViewController.swift in Sources */ = {isa = PBXBuildFile; fileRef = 0BF835332212C2C1002ECD6C /* PartiesViewController.swift */; };
		0BF8353622131F5C002ECD6C /* MembersModelObject.swift in Sources */ = {isa = PBXBuildFile; fileRef = 0BF8353522131F5C002ECD6C /* MembersModelObject.swift */; };
		67112E3F1B65E2245B875024 /* Pods_Party_Organizer.framework in Frameworks */ = {isa = PBXBuildFile; fileRef = 18CCCAA74A0CA9E47375DA91 /* Pods_Party_Organizer.framework */; };
/* End PBXBuildFile section */

/* Begin PBXFileReference section */
		0B158A2F22143DE8004CAC0E /* Party.swift */ = {isa = PBXFileReference; lastKnownFileType = sourcecode.swift; path = Party.swift; sourceTree = "<group>"; };
		0B228A142212077E00081B4F /* Party Organizer.app */ = {isa = PBXFileReference; explicitFileType = wrapper.application; includeInIndex = 0; path = "Party Organizer.app"; sourceTree = BUILT_PRODUCTS_DIR; };
		0B228A172212077E00081B4F /* AppDelegate.swift */ = {isa = PBXFileReference; lastKnownFileType = sourcecode.swift; path = AppDelegate.swift; sourceTree = "<group>"; };
		0B228A1C2212077E00081B4F /* Base */ = {isa = PBXFileReference; lastKnownFileType = file.storyboard; name = Base; path = Base.lproj/Main.storyboard; sourceTree = "<group>"; };
		0B228A1E2212077F00081B4F /* Assets.xcassets */ = {isa = PBXFileReference; lastKnownFileType = folder.assetcatalog; path = Assets.xcassets; sourceTree = "<group>"; };
		0B228A212212077F00081B4F /* Base */ = {isa = PBXFileReference; lastKnownFileType = file.storyboard; name = Base; path = Base.lproj/LaunchScreen.storyboard; sourceTree = "<group>"; };
		0B228A232212077F00081B4F /* Info.plist */ = {isa = PBXFileReference; lastKnownFileType = text.plist.xml; path = Info.plist; sourceTree = "<group>"; };
		0B228A292212093900081B4F /* MembersViewController.swift */ = {isa = PBXFileReference; lastKnownFileType = sourcecode.swift; path = MembersViewController.swift; sourceTree = "<group>"; };
		0B228A2D22120ADC00081B4F /* CreatePartyScreenViewController.swift */ = {isa = PBXFileReference; lastKnownFileType = sourcecode.swift; path = CreatePartyScreenViewController.swift; sourceTree = "<group>"; };
		0B228A2F22120B3900081B4F /* PartyMemberPreviewScreen.swift */ = {isa = PBXFileReference; lastKnownFileType = sourcecode.swift; path = PartyMemberPreviewScreen.swift; sourceTree = "<group>"; };
		0B228A3122120BB100081B4F /* ProfileScreen.swift */ = {isa = PBXFileReference; lastKnownFileType = sourcecode.swift; path = ProfileScreen.swift; sourceTree = "<group>"; };
		0B228A372212253300081B4F /* MemberTableViewCell.swift */ = {isa = PBXFileReference; lastKnownFileType = sourcecode.swift; path = MemberTableViewCell.swift; sourceTree = "<group>"; };
		0B228A382212253300081B4F /* MemberTableViewCell.xib */ = {isa = PBXFileReference; lastKnownFileType = file.xib; path = MemberTableViewCell.xib; sourceTree = "<group>"; };
		0BF04836221481E600C869B1 /* SF Compact */ = {isa = PBXFileReference; lastKnownFileType = folder; path = "SF Compact"; sourceTree = SOURCE_ROOT; };
		0BF048382214893B00C869B1 /* AddMemberToParty.swift */ = {isa = PBXFileReference; lastKnownFileType = sourcecode.swift; path = AddMemberToParty.swift; sourceTree = "<group>"; };
		0BF8352E2212352D002ECD6C /* PartyTableViewCell.swift */ = {isa = PBXFileReference; lastKnownFileType = sourcecode.swift; path = PartyTableViewCell.swift; sourceTree = "<group>"; };
		0BF8352F2212352D002ECD6C /* PartyTableViewCell.xib */ = {isa = PBXFileReference; lastKnownFileType = file.xib; path = PartyTableViewCell.xib; sourceTree = "<group>"; };
		0BF835332212C2C1002ECD6C /* PartiesViewController.swift */ = {isa = PBXFileReference; lastKnownFileType = sourcecode.swift; path = PartiesViewController.swift; sourceTree = "<group>"; };
		0BF8353522131F5C002ECD6C /* MembersModelObject.swift */ = {isa = PBXFileReference; lastKnownFileType = sourcecode.swift; path = MembersModelObject.swift; sourceTree = "<group>"; };
		18CCCAA74A0CA9E47375DA91 /* Pods_Party_Organizer.framework */ = {isa = PBXFileReference; explicitFileType = wrapper.framework; includeInIndex = 0; path = Pods_Party_Organizer.framework; sourceTree = BUILT_PRODUCTS_DIR; };
		2F022FD59252A9EF800F3C5C /* Pods-Party Organizer.release.xcconfig */ = {isa = PBXFileReference; includeInIndex = 1; lastKnownFileType = text.xcconfig; name = "Pods-Party Organizer.release.xcconfig"; path = "Pods/Target Support Files/Pods-Party Organizer/Pods-Party Organizer.release.xcconfig"; sourceTree = "<group>"; };
		32AC317BEA7CACD76F757D0F /* Pods-Party Organizer.debug.xcconfig */ = {isa = PBXFileReference; includeInIndex = 1; lastKnownFileType = text.xcconfig; name = "Pods-Party Organizer.debug.xcconfig"; path = "Pods/Target Support Files/Pods-Party Organizer/Pods-Party Organizer.debug.xcconfig"; sourceTree = "<group>"; };
/* End PBXFileReference section */

/* Begin PBXFrameworksBuildPhase section */
		0B228A112212077E00081B4F /* Frameworks */ = {
			isa = PBXFrameworksBuildPhase;
			buildActionMask = 2147483647;
			files = (
				67112E3F1B65E2245B875024 /* Pods_Party_Organizer.framework in Frameworks */,
			);
			runOnlyForDeploymentPostprocessing = 0;
		};
/* End PBXFrameworksBuildPhase section */

/* Begin PBXGroup section */
		0B228A0B2212077E00081B4F = {
			isa = PBXGroup;
			children = (
				0B228A162212077E00081B4F /* Party Organizer */,
				0B228A152212077E00081B4F /* Products */,
				5458E473EC1FCFA7D01E4D3F /* Pods */,
				8277D5C3A6E207D2001BC42B /* Frameworks */,
			);
			sourceTree = "<group>";
		};
		0B228A152212077E00081B4F /* Products */ = {
			isa = PBXGroup;
			children = (
				0B228A142212077E00081B4F /* Party Organizer.app */,
			);
			name = Products;
			sourceTree = "<group>";
		};
		0B228A162212077E00081B4F /* Party Organizer */ = {
			isa = PBXGroup;
			children = (
				0B228A172212077E00081B4F /* AppDelegate.swift */,
				0BF8353722131F63002ECD6C /* Model */,
				0B228A3622121DAB00081B4F /* Controllers */,
				0B228A3522121D4900081B4F /* View */,
				0BF04836221481E600C869B1 /* SF Compact */,
				0B228A1E2212077F00081B4F /* Assets.xcassets */,
				0B228A202212077F00081B4F /* LaunchScreen.storyboard */,
				0B228A232212077F00081B4F /* Info.plist */,
			);
			path = "Party Organizer";
			sourceTree = "<group>";
		};
		0B228A3522121D4900081B4F /* View */ = {
			isa = PBXGroup;
			children = (
				0B228A1B2212077E00081B4F /* Main.storyboard */,
				0BF835322212353A002ECD6C /* PartyCell */,
				0B228A3B2212297000081B4F /* MemberCell */,
			);
			path = View;
			sourceTree = "<group>";
		};
		0B228A3622121DAB00081B4F /* Controllers */ = {
			isa = PBXGroup;
			children = (
				0BF835332212C2C1002ECD6C /* PartiesViewController.swift */,
				0B228A292212093900081B4F /* MembersViewController.swift */,
				0B228A2D22120ADC00081B4F /* CreatePartyScreenViewController.swift */,
				0B228A2F22120B3900081B4F /* PartyMemberPreviewScreen.swift */,
				0B228A3122120BB100081B4F /* ProfileScreen.swift */,
				0BF048382214893B00C869B1 /* AddMemberToParty.swift */,
			);
			path = Controllers;
			sourceTree = "<group>";
		};
		0B228A3B2212297000081B4F /* MemberCell */ = {
			isa = PBXGroup;
			children = (
				0B228A372212253300081B4F /* MemberTableViewCell.swift */,
				0B228A382212253300081B4F /* MemberTableViewCell.xib */,
			);
			path = MemberCell;
			sourceTree = "<group>";
		};
		0BF835322212353A002ECD6C /* PartyCell */ = {
			isa = PBXGroup;
			children = (
				0BF8352E2212352D002ECD6C /* PartyTableViewCell.swift */,
				0BF8352F2212352D002ECD6C /* PartyTableViewCell.xib */,
			);
			path = PartyCell;
			sourceTree = "<group>";
		};
		0BF8353722131F63002ECD6C /* Model */ = {
			isa = PBXGroup;
			children = (
				0BF8353522131F5C002ECD6C /* MembersModelObject.swift */,
				0B158A2F22143DE8004CAC0E /* Party.swift */,
			);
			path = Model;
			sourceTree = "<group>";
		};
		5458E473EC1FCFA7D01E4D3F /* Pods */ = {
			isa = PBXGroup;
			children = (
				32AC317BEA7CACD76F757D0F /* Pods-Party Organizer.debug.xcconfig */,
				2F022FD59252A9EF800F3C5C /* Pods-Party Organizer.release.xcconfig */,
			);
			name = Pods;
			sourceTree = "<group>";
		};
		8277D5C3A6E207D2001BC42B /* Frameworks */ = {
			isa = PBXGroup;
			children = (
				18CCCAA74A0CA9E47375DA91 /* Pods_Party_Organizer.framework */,
			);
			name = Frameworks;
			sourceTree = "<group>";
		};
/* End PBXGroup section */

/* Begin PBXNativeTarget section */
		0B228A132212077E00081B4F /* Party Organizer */ = {
			isa = PBXNativeTarget;
			buildConfigurationList = 0B228A262212077F00081B4F /* Build configuration list for PBXNativeTarget "Party Organizer" */;
			buildPhases = (
				C64E5B43F1465161291DC0DB /* [CP] Check Pods Manifest.lock */,
				0B228A102212077E00081B4F /* Sources */,
				0B228A112212077E00081B4F /* Frameworks */,
				0B228A122212077E00081B4F /* Resources */,
				F0C30BD029642501381EA732 /* [CP] Embed Pods Frameworks */,
			);
			buildRules = (
			);
			dependencies = (
			);
			name = "Party Organizer";
			productName = "Party Organizer";
			productReference = 0B228A142212077E00081B4F /* Party Organizer.app */;
			productType = "com.apple.product-type.application";
		};
/* End PBXNativeTarget section */

/* Begin PBXProject section */
		0B228A0C2212077E00081B4F /* Project object */ = {
			isa = PBXProject;
			attributes = {
				LastSwiftUpdateCheck = 1010;
				LastUpgradeCheck = 1010;
				ORGANIZATIONNAME = "Ivan Mavrazas";
				TargetAttributes = {
					0B228A132212077E00081B4F = {
						CreatedOnToolsVersion = 10.1;
					};
				};
			};
			buildConfigurationList = 0B228A0F2212077E00081B4F /* Build configuration list for PBXProject "Party Organizer" */;
			compatibilityVersion = "Xcode 9.3";
			developmentRegion = en;
			hasScannedForEncodings = 0;
			knownRegions = (
				en,
				Base,
			);
			mainGroup = 0B228A0B2212077E00081B4F;
			productRefGroup = 0B228A152212077E00081B4F /* Products */;
			projectDirPath = "";
			projectRoot = "";
			targets = (
				0B228A132212077E00081B4F /* Party Organizer */,
			);
		};
/* End PBXProject section */

/* Begin PBXResourcesBuildPhase section */
		0B228A122212077E00081B4F /* Resources */ = {
			isa = PBXResourcesBuildPhase;
			buildActionMask = 2147483647;
			files = (
				0B228A222212077F00081B4F /* LaunchScreen.storyboard in Resources */,
				0BF835312212352D002ECD6C /* PartyTableViewCell.xib in Resources */,
				0B228A1F2212077F00081B4F /* Assets.xcassets in Resources */,
				0B228A1D2212077E00081B4F /* Main.storyboard in Resources */,
				0BF04837221481E600C869B1 /* SF Compact in Resources */,
				0B228A3A2212253300081B4F /* MemberTableViewCell.xib in Resources */,
			);
			runOnlyForDeploymentPostprocessing = 0;
		};
/* End PBXResourcesBuildPhase section */

/* Begin PBXShellScriptBuildPhase section */
		C64E5B43F1465161291DC0DB /* [CP] Check Pods Manifest.lock */ = {
			isa = PBXShellScriptBuildPhase;
			buildActionMask = 2147483647;
			files = (
			);
			inputPaths = (
				"${PODS_PODFILE_DIR_PATH}/Podfile.lock",
				"${PODS_ROOT}/Manifest.lock",
			);
			name = "[CP] Check Pods Manifest.lock";
			outputPaths = (
				"$(DERIVED_FILE_DIR)/Pods-Party Organizer-checkManifestLockResult.txt",
			);
			runOnlyForDeploymentPostprocessing = 0;
			shellPath = /bin/sh;
			shellScript = "diff \"${PODS_PODFILE_DIR_PATH}/Podfile.lock\" \"${PODS_ROOT}/Manifest.lock\" > /dev/null\nif [ $? != 0 ] ; then\n    # print error to STDERR\n    echo \"error: The sandbox is not in sync with the Podfile.lock. Run 'pod install' or update your CocoaPods installation.\" >&2\n    exit 1\nfi\n# This output is used by Xcode 'outputs' to avoid re-running this script phase.\necho \"SUCCESS\" > \"${SCRIPT_OUTPUT_FILE_0}\"\n";
			showEnvVarsInLog = 0;
		};
		F0C30BD029642501381EA732 /* [CP] Embed Pods Frameworks */ = {
			isa = PBXShellScriptBuildPhase;
			buildActionMask = 2147483647;
			files = (
			);
			inputPaths = (
				"${SRCROOT}/Pods/Target Support Files/Pods-Party Organizer/Pods-Party Organizer-frameworks.sh",
				"${BUILT_PRODUCTS_DIR}/Kingfisher/Kingfisher.framework",
				"${BUILT_PRODUCTS_DIR}/SwipeCellKit/SwipeCellKit.framework",
			);
			name = "[CP] Embed Pods Frameworks";
			outputPaths = (
				"${TARGET_BUILD_DIR}/${FRAMEWORKS_FOLDER_PATH}/Kingfisher.framework",
				"${TARGET_BUILD_DIR}/${FRAMEWORKS_FOLDER_PATH}/SwipeCellKit.framework",
			);
			runOnlyForDeploymentPostprocessing = 0;
			shellPath = /bin/sh;
			shellScript = "\"${SRCROOT}/Pods/Target Support Files/Pods-Party Organizer/Pods-Party Organizer-frameworks.sh\"\n";
			showEnvVarsInLog = 0;
		};
/* End PBXShellScriptBuildPhase section */

/* Begin PBXSourcesBuildPhase section */
		0B228A102212077E00081B4F /* Sources */ = {
			isa = PBXSourcesBuildPhase;
			buildActionMask = 2147483647;
			files = (
				0BF8353622131F5C002ECD6C /* MembersModelObject.swift in Sources */,
				0BF835302212352D002ECD6C /* PartyTableViewCell.swift in Sources */,
				0B158A3022143DE8004CAC0E /* Party.swift in Sources */,
				0B228A3222120BB100081B4F /* ProfileScreen.swift in Sources */,
				0B228A2B2212093900081B4F /* MembersViewController.swift in Sources */,
				0B228A3022120B3900081B4F /* PartyMemberPreviewScreen.swift in Sources */,
				0BF048392214893B00C869B1 /* AddMemberToParty.swift in Sources */,
				0BF835342212C2C1002ECD6C /* PartiesViewController.swift in Sources */,
				0B228A182212077E00081B4F /* AppDelegate.swift in Sources */,
				0B228A2E22120ADC00081B4F /* CreatePartyScreenViewController.swift in Sources */,
				0B228A392212253300081B4F /* MemberTableViewCell.swift in Sources */,
			);
			runOnlyForDeploymentPostprocessing = 0;
		};
/* End PBXSourcesBuildPhase section */

/* Begin PBXVariantGroup section */
		0B228A1B2212077E00081B4F /* Main.storyboard */ = {
			isa = PBXVariantGroup;
			children = (
				0B228A1C2212077E00081B4F /* Base */,
			);
			name = Main.storyboard;
			sourceTree = "<group>";
		};
		0B228A202212077F00081B4F /* LaunchScreen.storyboard */ = {
			isa = PBXVariantGroup;
			children = (
				0B228A212212077F00081B4F /* Base */,
			);
			name = LaunchScreen.storyboard;
			sourceTree = "<group>";
		};
/* End PBXVariantGroup section */

/* Begin XCBuildConfiguration section */
		0B228A242212077F00081B4F /* Debug */ = {
			isa = XCBuildConfiguration;
			buildSettings = {
				ALWAYS_SEARCH_USER_PATHS = NO;
				CLANG_ANALYZER_NONNULL = YES;
				CLANG_ANALYZER_NUMBER_OBJECT_CONVERSION = YES_AGGRESSIVE;
				CLANG_CXX_LANGUAGE_STANDARD = "gnu++14";
				CLANG_CXX_LIBRARY = "libc++";
				CLANG_ENABLE_MODULES = YES;
				CLANG_ENABLE_OBJC_ARC = YES;
				CLANG_ENABLE_OBJC_WEAK = YES;
				CLANG_WARN_BLOCK_CAPTURE_AUTORELEASING = YES;
				CLANG_WARN_BOOL_CONVERSION = YES;
				CLANG_WARN_COMMA = YES;
				CLANG_WARN_CONSTANT_CONVERSION = YES;
				CLANG_WARN_DEPRECATED_OBJC_IMPLEMENTATIONS = YES;
				CLANG_WARN_DIRECT_OBJC_ISA_USAGE = YES_ERROR;
				CLANG_WARN_DOCUMENTATION_COMMENTS = YES;
				CLANG_WARN_EMPTY_BODY = YES;
				CLANG_WARN_ENUM_CONVERSION = YES;
				CLANG_WARN_INFINITE_RECURSION = YES;
				CLANG_WARN_INT_CONVERSION = YES;
				CLANG_WARN_NON_LITERAL_NULL_CONVERSION = YES;
				CLANG_WARN_OBJC_IMPLICIT_RETAIN_SELF = YES;
				CLANG_WARN_OBJC_LITERAL_CONVERSION = YES;
				CLANG_WARN_OBJC_ROOT_CLASS = YES_ERROR;
				CLANG_WARN_RANGE_LOOP_ANALYSIS = YES;
				CLANG_WARN_STRICT_PROTOTYPES = YES;
				CLANG_WARN_SUSPICIOUS_MOVE = YES;
				CLANG_WARN_UNGUARDED_AVAILABILITY = YES_AGGRESSIVE;
				CLANG_WARN_UNREACHABLE_CODE = YES;
				CLANG_WARN__DUPLICATE_METHOD_MATCH = YES;
				CODE_SIGN_IDENTITY = "iPhone Developer";
				COPY_PHASE_STRIP = NO;
				DEBUG_INFORMATION_FORMAT = dwarf;
				ENABLE_STRICT_OBJC_MSGSEND = YES;
				ENABLE_TESTABILITY = YES;
				GCC_C_LANGUAGE_STANDARD = gnu11;
				GCC_DYNAMIC_NO_PIC = NO;
				GCC_NO_COMMON_BLOCKS = YES;
				GCC_OPTIMIZATION_LEVEL = 0;
				GCC_PREPROCESSOR_DEFINITIONS = (
					"DEBUG=1",
					"$(inherited)",
				);
				GCC_WARN_64_TO_32_BIT_CONVERSION = YES;
				GCC_WARN_ABOUT_RETURN_TYPE = YES_ERROR;
				GCC_WARN_UNDECLARED_SELECTOR = YES;
				GCC_WARN_UNINITIALIZED_AUTOS = YES_AGGRESSIVE;
				GCC_WARN_UNUSED_FUNCTION = YES;
				GCC_WARN_UNUSED_VARIABLE = YES;
				IPHONEOS_DEPLOYMENT_TARGET = 12.1;
				MTL_ENABLE_DEBUG_INFO = INCLUDE_SOURCE;
				MTL_FAST_MATH = YES;
				ONLY_ACTIVE_ARCH = YES;
				SDKROOT = iphoneos;
				SWIFT_ACTIVE_COMPILATION_CONDITIONS = DEBUG;
				SWIFT_OPTIMIZATION_LEVEL = "-Onone";
			};
			name = Debug;
		};
		0B228A252212077F00081B4F /* Release */ = {
			isa = XCBuildConfiguration;
			buildSettings = {
				ALWAYS_SEARCH_USER_PATHS = NO;
				CLANG_ANALYZER_NONNULL = YES;
				CLANG_ANALYZER_NUMBER_OBJECT_CONVERSION = YES_AGGRESSIVE;
				CLANG_CXX_LANGUAGE_STANDARD = "gnu++14";
				CLANG_CXX_LIBRARY = "libc++";
				CLANG_ENABLE_MODULES = YES;
				CLANG_ENABLE_OBJC_ARC = YES;
				CLANG_ENABLE_OBJC_WEAK = YES;
				CLANG_WARN_BLOCK_CAPTURE_AUTORELEASING = YES;
				CLANG_WARN_BOOL_CONVERSION = YES;
				CLANG_WARN_COMMA = YES;
				CLANG_WARN_CONSTANT_CONVERSION = YES;
				CLANG_WARN_DEPRECATED_OBJC_IMPLEMENTATIONS = YES;
				CLANG_WARN_DIRECT_OBJC_ISA_USAGE = YES_ERROR;
				CLANG_WARN_DOCUMENTATION_COMMENTS = YES;
				CLANG_WARN_EMPTY_BODY = YES;
				CLANG_WARN_ENUM_CONVERSION = YES;
				CLANG_WARN_INFINITE_RECURSION = YES;
				CLANG_WARN_INT_CONVERSION = YES;
				CLANG_WARN_NON_LITERAL_NULL_CONVERSION = YES;
				CLANG_WARN_OBJC_IMPLICIT_RETAIN_SELF = YES;
				CLANG_WARN_OBJC_LITERAL_CONVERSION = YES;
				CLANG_WARN_OBJC_ROOT_CLASS = YES_ERROR;
				CLANG_WARN_RANGE_LOOP_ANALYSIS = YES;
				CLANG_WARN_STRICT_PROTOTYPES = YES;
				CLANG_WARN_SUSPICIOUS_MOVE = YES;
				CLANG_WARN_UNGUARDED_AVAILABILITY = YES_AGGRESSIVE;
				CLANG_WARN_UNREACHABLE_CODE = YES;
				CLANG_WARN__DUPLICATE_METHOD_MATCH = YES;
				CODE_SIGN_IDENTITY = "iPhone Developer";
				COPY_PHASE_STRIP = NO;
				DEBUG_INFORMATION_FORMAT = "dwarf-with-dsym";
				ENABLE_NS_ASSERTIONS = NO;
				ENABLE_STRICT_OBJC_MSGSEND = YES;
				GCC_C_LANGUAGE_STANDARD = gnu11;
				GCC_NO_COMMON_BLOCKS = YES;
				GCC_WARN_64_TO_32_BIT_CONVERSION = YES;
				GCC_WARN_ABOUT_RETURN_TYPE = YES_ERROR;
				GCC_WARN_UNDECLARED_SELECTOR = YES;
				GCC_WARN_UNINITIALIZED_AUTOS = YES_AGGRESSIVE;
				GCC_WARN_UNUSED_FUNCTION = YES;
				GCC_WARN_UNUSED_VARIABLE = YES;
				IPHONEOS_DEPLOYMENT_TARGET = 12.1;
				MTL_ENABLE_DEBUG_INFO = NO;
				MTL_FAST_MATH = YES;
				SDKROOT = iphoneos;
				SWIFT_COMPILATION_MODE = wholemodule;
				SWIFT_OPTIMIZATION_LEVEL = "-O";
				VALIDATE_PRODUCT = YES;
			};
			name = Release;
		};
		0B228A272212077F00081B4F /* Debug */ = {
			isa = XCBuildConfiguration;
			baseConfigurationReference = 32AC317BEA7CACD76F757D0F /* Pods-Party Organizer.debug.xcconfig */;
			buildSettings = {
				ASSETCATALOG_COMPILER_APPICON_NAME = AppIcon;
				CODE_SIGN_STYLE = Automatic;
				DEVELOPMENT_TEAM = G9P832L85M;
				INFOPLIST_FILE = "Party Organizer/Info.plist";
				LD_RUNPATH_SEARCH_PATHS = (
					"$(inherited)",
					"@executable_path/Frameworks",
				);
				PRODUCT_BUNDLE_IDENTIFIER = "rs.IvanMavrazas.Party-Organizer";
				PRODUCT_NAME = "$(TARGET_NAME)";
				SWIFT_VERSION = 4.2;
				TARGETED_DEVICE_FAMILY = "1,2";
			};
			name = Debug;
		};
		0B228A282212077F00081B4F /* Release */ = {
			isa = XCBuildConfiguration;
			baseConfigurationReference = 2F022FD59252A9EF800F3C5C /* Pods-Party Organizer.release.xcconfig */;
			buildSettings = {
				ASSETCATALOG_COMPILER_APPICON_NAME = AppIcon;
				CODE_SIGN_STYLE = Automatic;
				DEVELOPMENT_TEAM = G9P832L85M;
				INFOPLIST_FILE = "Party Organizer/Info.plist";
				LD_RUNPATH_SEARCH_PATHS = (
					"$(inherited)",
					"@executable_path/Frameworks",
				);
				PRODUCT_BUNDLE_IDENTIFIER = "rs.IvanMavrazas.Party-Organizer";
				PRODUCT_NAME = "$(TARGET_NAME)";
				SWIFT_VERSION = 4.2;
				TARGETED_DEVICE_FAMILY = "1,2";
			};
			name = Release;
		};
/* End XCBuildConfiguration section */

/* Begin XCConfigurationList section */
		0B228A0F2212077E00081B4F /* Build configuration list for PBXProject "Party Organizer" */ = {
			isa = XCConfigurationList;
			buildConfigurations = (
				0B228A242212077F00081B4F /* Debug */,
				0B228A252212077F00081B4F /* Release */,
			);
			defaultConfigurationIsVisible = 0;
			defaultConfigurationName = Release;
		};
		0B228A262212077F00081B4F /* Build configuration list for PBXNativeTarget "Party Organizer" */ = {
			isa = XCConfigurationList;
			buildConfigurations = (
				0B228A272212077F00081B4F /* Debug */,
				0B228A282212077F00081B4F /* Release */,
			);
			defaultConfigurationIsVisible = 0;
			defaultConfigurationName = Release;
		};
/* End XCConfigurationList section */
	};
	rootObject = 0B228A0C2212077E00081B4F /* Project object */;
}
